Microsoft Visual Studio Solution File, Format Version 12.00
# Visual Studio Version 16
VisualStudioVersion = 16.0.28721.148
MinimumVisualStudioVersion = 10.0.40219.1
Project("{FAE04EC0-301F-11D3-BF4B-00C04F79EFBC}") = "Alkahest.Core", "Alkahest.Core\Alkahest.Core.csproj", "{4CB2D190-FC09-4D4D-9598-D0CFC0C725DB}"
EndProject
Project("{FAE04EC0-301F-11D3-BF4B-00C04F79EFBC}") = "Alkahest.Server", "Alkahest.Server\Alkahest.Server.csproj", "{FB4516B0-8850-49F1-B65D-AD5ECE07670C}"
EndProject
Project("{2150E333-8FDC-42A3-9474-1A3956D46DE8}") = "Solution Items", "Solution Items", "{BDAE3103-21F9-419D-8BFA-DF62C82B90CB}"
	ProjectSection(SolutionItems) = preProject
		.editorconfig = .editorconfig
		.gitattributes = .gitattributes
		.gitignore = .gitignore
		.markdownlint.json = .markdownlint.json
		ACKNOWLEDGEMENTS.md = ACKNOWLEDGEMENTS.md
		LICENSE.md = LICENSE.md
		README.md = README.md
		SolutionInfo.cs = SolutionInfo.cs
	EndProjectSection
EndProject
Project("{2150E333-8FDC-42A3-9474-1A3956D46DE8}") = "Plugins", "Plugins", "{C60FBBE6-4B76-4D6F-BADC-377D3878FF93}"
EndProject
Project("{FAE04EC0-301F-11D3-BF4B-00C04F79EFBC}") = "Alkahest.Plugins.SimpleTest", "Alkahest.Plugins.SimpleTest\Alkahest.Plugins.SimpleTest.csproj", "{F85463D3-9795-4C7D-A041-3BAA652D0BB5}"
EndProject
Project("{FAE04EC0-301F-11D3-BF4B-00C04F79EFBC}") = "Alkahest.Parser", "Alkahest.Parser\Alkahest.Parser.csproj", "{0238DD2F-47AD-4B4C-8118-DDDA7C33716B}"
EndProject
Project("{FAE04EC0-301F-11D3-BF4B-00C04F79EFBC}") = "Alkahest.Plugins.Python", "Alkahest.Plugins.Python\Alkahest.Plugins.Python.csproj", "{92CD0899-A58E-4196-BD8D-4B96CB12A384}"
EndProject
Project("{54435603-DBB4-11D2-8724-00A0C9A8B90C}") = "Alkahest.Installer", "Alkahest.Installer\Alkahest.Installer.vdproj", "{D7961923-AA52-4F75-8534-16ABB29E16F0}"
EndProject
Project("{FAE04EC0-301F-11D3-BF4B-00C04F79EFBC}") = "Alkahest.Archive", "Alkahest.Archive\Alkahest.Archive.proj", "{8B4B4367-7056-42FB-9ADF-31CCE0FA9309}"
EndProject
Project("{FAE04EC0-301F-11D3-BF4B-00C04F79EFBC}") = "Alkahest.Plugins.PacketLogger", "Alkahest.Plugins.PacketLogger\Alkahest.Plugins.PacketLogger.csproj", "{CCB59799-5CB1-4595-B34E-068B12791E46}"
EndProject
Project("{FAE04EC0-301F-11D3-BF4B-00C04F79EFBC}") = "Alkahest.Extractor", "Alkahest.Extractor\Alkahest.Extractor.csproj", "{16943389-7070-4B72-8362-4B21036F15C9}"
EndProject
Project("{FAE04EC0-301F-11D3-BF4B-00C04F79EFBC}") = "Alkahest.Scanner", "Alkahest.Scanner\Alkahest.Scanner.csproj", "{FC720B91-ECDF-4A7A-8D85-7FE05E84A400}"
EndProject
Project("{2150E333-8FDC-42A3-9474-1A3956D46DE8}") = ".github", ".github", "{A844471C-783C-45A5-8CC0-4F7D2EC13FB1}"
	ProjectSection(SolutionItems) = preProject
		.github\CODEOWNERS = .github\CODEOWNERS
		.github\CONTRIBUTING.md = .github\CONTRIBUTING.md
	EndProjectSection
EndProject
Global
	GlobalSection(SolutionConfigurationPlatforms) = preSolution
		Debug|Any CPU = Debug|Any CPU
	EndGlobalSection
	GlobalSection(ProjectConfigurationPlatforms) = postSolution
		{4CB2D190-FC09-4D4D-9598-D0CFC0C725DB}.Debug|Any CPU.ActiveCfg = Debug|Any CPU
		{4CB2D190-FC09-4D4D-9598-D0CFC0C725DB}.Debug|Any CPU.Build.0 = Debug|Any CPU
		{FB4516B0-8850-49F1-B65D-AD5ECE07670C}.Debug|Any CPU.ActiveCfg = Debug|Any CPU
		{FB4516B0-8850-49F1-B65D-AD5ECE07670C}.Debug|Any CPU.Build.0 = Debug|Any CPU
		{F85463D3-9795-4C7D-A041-3BAA652D0BB5}.Debug|Any CPU.ActiveCfg = Debug|Any CPU
		{F85463D3-9795-4C7D-A041-3BAA652D0BB5}.Debug|Any CPU.Build.0 = Debug|Any CPU
		{0238DD2F-47AD-4B4C-8118-DDDA7C33716B}.Debug|Any CPU.ActiveCfg = Debug|Any CPU
		{0238DD2F-47AD-4B4C-8118-DDDA7C33716B}.Debug|Any CPU.Build.0 = Debug|Any CPU
		{92CD0899-A58E-4196-BD8D-4B96CB12A384}.Debug|Any CPU.ActiveCfg = Debug|Any CPU
		{92CD0899-A58E-4196-BD8D-4B96CB12A384}.Debug|Any CPU.Build.0 = Debug|Any CPU
		{D7961923-AA52-4F75-8534-16ABB29E16F0}.Debug|Any CPU.ActiveCfg = Debug
		{8B4B4367-7056-42FB-9ADF-31CCE0FA9309}.Debug|Any CPU.ActiveCfg = Debug|x86
		{CCB59799-5CB1-4595-B34E-068B12791E46}.Debug|Any CPU.ActiveCfg = Debug|Any CPU
		{CCB59799-5CB1-4595-B34E-068B12791E46}.Debug|Any CPU.Build.0 = Debug|Any CPU
		{16943389-7070-4B72-8362-4B21036F15C9}.Debug|Any CPU.ActiveCfg = Debug|Any CPU
		{16943389-7070-4B72-8362-4B21036F15C9}.Debug|Any CPU.Build.0 = Debug|Any CPU
		{FC720B91-ECDF-4A7A-8D85-7FE05E84A400}.Debug|Any CPU.ActiveCfg = Debug|x86
		{FC720B91-ECDF-4A7A-8D85-7FE05E84A400}.Debug|Any CPU.Build.0 = Debug|x86
	EndGlobalSection
	GlobalSection(SolutionProperties) = preSolution
		HideSolutionNode = FALSE
	EndGlobalSection
	GlobalSection(NestedProjects) = preSolution
		{F85463D3-9795-4C7D-A041-3BAA652D0BB5} = {C60FBBE6-4B76-4D6F-BADC-377D3878FF93}
		{92CD0899-A58E-4196-BD8D-4B96CB12A384} = {C60FBBE6-4B76-4D6F-BADC-377D3878FF93}
		{CCB59799-5CB1-4595-B34E-068B12791E46} = {C60FBBE6-4B76-4D6F-BADC-377D3878FF93}
		{A844471C-783C-45A5-8CC0-4F7D2EC13FB1} = {BDAE3103-21F9-419D-8BFA-DF62C82B90CB}
	EndGlobalSection
	GlobalSection(ExtensibilityGlobals) = postSolution
		SolutionGuid = {08161DBA-6A87-4C84-B7BF-31C73F2D5FBB}
	EndGlobalSection
EndGlobal
